
Microsoft Visual Studio Solution File, Format Version 12.00
# Visual Studio 15
Project("{FAE04EC0-301F-11D3-BF4B-00C04F79EFBC}") = "IG.Android", "IG.Android\IG.Android.csproj", "{75DEE6AD-CCD9-4DD2-A158-F8F87C0DF01C}"
EndProject
Project("{FAE04EC0-301F-11D3-BF4B-00C04F79EFBC}") = "IG.iOS", "IG.iOS\IG.iOS.csproj", "{F9FEAA98-7B55-40DA-8422-1C1A1A49F352}"
EndProject
Project("{FAE04EC0-301F-11D3-BF4B-00C04F79EFBC}") = "IG", "IG\IG.csproj", "{F3E1CA49-23D5-4CB1-A234-577C6AEF4B99}"
EndProject
Project("{2150E333-8FDC-42A3-9474-1A3956D46DE8}") = "Presentation", "Presentation", "{70403363-448A-4793-83EC-944BD19794F1}"
EndProject
Project("{2150E333-8FDC-42A3-9474-1A3956D46DE8}") = "Domain", "Domain", "{B1F065EC-899E-425C-8AA0-10F76DD6F95F}"
EndProject
Project("{2150E333-8FDC-42A3-9474-1A3956D46DE8}") = "Common", "Common", "{A4B6C2B0-98D9-488A-97EF-D197E54A1743}"
EndProject
Project("{FAE04EC0-301F-11D3-BF4B-00C04F79EFBC}") = "IG.Common", "IG.Common\IG.Common.csproj", "{608550C6-2063-4CB8-8253-7529C0E94BB9}"
EndProject
Project("{FAE04EC0-301F-11D3-BF4B-00C04F79EFBC}") = "IG.Domain", "IG.Domain\IG.Domain.csproj", "{06D0C21D-B37C-4188-B6B1-3C0454AC0231}"
EndProject
Global
	GlobalSection(SolutionConfigurationPlatforms) = preSolution
		Debug|Any CPU = Debug|Any CPU
		Release|Any CPU = Release|Any CPU
		Debug|iPhoneSimulator = Debug|iPhoneSimulator
		Release|iPhoneSimulator = Release|iPhoneSimulator
		Debug|iPhone = Debug|iPhone
		Release|iPhone = Release|iPhone
	EndGlobalSection
	GlobalSection(ProjectConfigurationPlatforms) = postSolution
		{75DEE6AD-CCD9-4DD2-A158-F8F87C0DF01C}.Debug|Any CPU.ActiveCfg = Debug|Any CPU
		{75DEE6AD-CCD9-4DD2-A158-F8F87C0DF01C}.Debug|Any CPU.Build.0 = Debug|Any CPU
		{75DEE6AD-CCD9-4DD2-A158-F8F87C0DF01C}.Release|Any CPU.ActiveCfg = Release|Any CPU
		{75DEE6AD-CCD9-4DD2-A158-F8F87C0DF01C}.Release|Any CPU.Build.0 = Release|Any CPU
		{75DEE6AD-CCD9-4DD2-A158-F8F87C0DF01C}.Debug|iPhoneSimulator.ActiveCfg = Debug|Any CPU
		{75DEE6AD-CCD9-4DD2-A158-F8F87C0DF01C}.Debug|iPhoneSimulator.Build.0 = Debug|Any CPU
		{75DEE6AD-CCD9-4DD2-A158-F8F87C0DF01C}.Release|iPhoneSimulator.ActiveCfg = Release|Any CPU
		{75DEE6AD-CCD9-4DD2-A158-F8F87C0DF01C}.Release|iPhoneSimulator.Build.0 = Release|Any CPU
		{75DEE6AD-CCD9-4DD2-A158-F8F87C0DF01C}.Debug|iPhone.ActiveCfg = Debug|Any CPU
		{75DEE6AD-CCD9-4DD2-A158-F8F87C0DF01C}.Debug|iPhone.Build.0 = Debug|Any CPU
		{75DEE6AD-CCD9-4DD2-A158-F8F87C0DF01C}.Release|iPhone.ActiveCfg = Release|Any CPU
		{75DEE6AD-CCD9-4DD2-A158-F8F87C0DF01C}.Release|iPhone.Build.0 = Release|Any CPU
		{F9FEAA98-7B55-40DA-8422-1C1A1A49F352}.Debug|Any CPU.ActiveCfg = Debug|iPhoneSimulator
		{F9FEAA98-7B55-40DA-8422-1C1A1A49F352}.Debug|Any CPU.Build.0 = Debug|iPhoneSimulator
		{F9FEAA98-7B55-40DA-8422-1C1A1A49F352}.Release|Any CPU.ActiveCfg = Release|iPhoneSimulator
		{F9FEAA98-7B55-40DA-8422-1C1A1A49F352}.Release|Any CPU.Build.0 = Release|iPhoneSimulator
		{F9FEAA98-7B55-40DA-8422-1C1A1A49F352}.Debug|iPhoneSimulator.ActiveCfg = Debug|iPhoneSimulator
		{F9FEAA98-7B55-40DA-8422-1C1A1A49F352}.Debug|iPhoneSimulator.Build.0 = Debug|iPhoneSimulator
		{F9FEAA98-7B55-40DA-8422-1C1A1A49F352}.Release|iPhoneSimulator.ActiveCfg = Release|iPhoneSimulator
		{F9FEAA98-7B55-40DA-8422-1C1A1A49F352}.Release|iPhoneSimulator.Build.0 = Release|iPhoneSimulator
		{F9FEAA98-7B55-40DA-8422-1C1A1A49F352}.Debug|iPhone.ActiveCfg = Debug|iPhone
		{F9FEAA98-7B55-40DA-8422-1C1A1A49F352}.Debug|iPhone.Build.0 = Debug|iPhone
		{F9FEAA98-7B55-40DA-8422-1C1A1A49F352}.Release|iPhone.ActiveCfg = Release|iPhone
		{F9FEAA98-7B55-40DA-8422-1C1A1A49F352}.Release|iPhone.Build.0 = Release|iPhone
		{F3E1CA49-23D5-4CB1-A234-577C6AEF4B99}.Debug|Any CPU.ActiveCfg = Debug|Any CPU
		{F3E1CA49-23D5-4CB1-A234-577C6AEF4B99}.Debug|Any CPU.Build.0 = Debug|Any CPU
		{F3E1CA49-23D5-4CB1-A234-577C6AEF4B99}.Release|Any CPU.ActiveCfg = Release|Any CPU
		{F3E1CA49-23D5-4CB1-A234-577C6AEF4B99}.Release|Any CPU.Build.0 = Release|Any CPU
		{F3E1CA49-23D5-4CB1-A234-577C6AEF4B99}.Debug|iPhoneSimulator.ActiveCfg = Debug|Any CPU
		{F3E1CA49-23D5-4CB1-A234-577C6AEF4B99}.Debug|iPhoneSimulator.Build.0 = Debug|Any CPU
		{F3E1CA49-23D5-4CB1-A234-577C6AEF4B99}.Release|iPhoneSimulator.ActiveCfg = Release|Any CPU
		{F3E1CA49-23D5-4CB1-A234-577C6AEF4B99}.Release|iPhoneSimulator.Build.0 = Release|Any CPU
		{F3E1CA49-23D5-4CB1-A234-577C6AEF4B99}.Debug|iPhone.ActiveCfg = Debug|Any CPU
		{F3E1CA49-23D5-4CB1-A234-577C6AEF4B99}.Debug|iPhone.Build.0 = Debug|Any CPU
		{F3E1CA49-23D5-4CB1-A234-577C6AEF4B99}.Release|iPhone.ActiveCfg = Release|Any CPU
		{F3E1CA49-23D5-4CB1-A234-577C6AEF4B99}.Release|iPhone.Build.0 = Release|Any CPU
		{608550C6-2063-4CB8-8253-7529C0E94BB9}.Debug|Any CPU.ActiveCfg = Debug|Any CPU
		{608550C6-2063-4CB8-8253-7529C0E94BB9}.Debug|Any CPU.Build.0 = Debug|Any CPU
		{608550C6-2063-4CB8-8253-7529C0E94BB9}.Release|Any CPU.ActiveCfg = Release|Any CPU
		{608550C6-2063-4CB8-8253-7529C0E94BB9}.Release|Any CPU.Build.0 = Release|Any CPU
		{608550C6-2063-4CB8-8253-7529C0E94BB9}.Debug|iPhoneSimulator.ActiveCfg = Debug|Any CPU
		{608550C6-2063-4CB8-8253-7529C0E94BB9}.Debug|iPhoneSimulator.Build.0 = Debug|Any CPU
		{608550C6-2063-4CB8-8253-7529C0E94BB9}.Release|iPhoneSimulator.ActiveCfg = Release|Any CPU
		{608550C6-2063-4CB8-8253-7529C0E94BB9}.Release|iPhoneSimulator.Build.0 = Release|Any CPU
		{608550C6-2063-4CB8-8253-7529C0E94BB9}.Debug|iPhone.ActiveCfg = Debug|Any CPU
		{608550C6-2063-4CB8-8253-7529C0E94BB9}.Debug|iPhone.Build.0 = Debug|Any CPU
		{608550C6-2063-4CB8-8253-7529C0E94BB9}.Release|iPhone.ActiveCfg = Release|Any CPU
		{608550C6-2063-4CB8-8253-7529C0E94BB9}.Release|iPhone.Build.0 = Release|Any CPU
		{06D0C21D-B37C-4188-B6B1-3C0454AC0231}.Debug|Any CPU.ActiveCfg = Debug|Any CPU
		{06D0C21D-B37C-4188-B6B1-3C0454AC0231}.Debug|Any CPU.Build.0 = Debug|Any CPU
		{06D0C21D-B37C-4188-B6B1-3C0454AC0231}.Release|Any CPU.ActiveCfg = Release|Any CPU
		{06D0C21D-B37C-4188-B6B1-3C0454AC0231}.Release|Any CPU.Build.0 = Release|Any CPU
		{06D0C21D-B37C-4188-B6B1-3C0454AC0231}.Debug|iPhoneSimulator.ActiveCfg = Debug|Any CPU
		{06D0C21D-B37C-4188-B6B1-3C0454AC0231}.Debug|iPhoneSimulator.Build.0 = Debug|Any CPU
		{06D0C21D-B37C-4188-B6B1-3C0454AC0231}.Release|iPhoneSimulator.ActiveCfg = Release|Any CPU
		{06D0C21D-B37C-4188-B6B1-3C0454AC0231}.Release|iPhoneSimulator.Build.0 = Release|Any CPU
		{06D0C21D-B37C-4188-B6B1-3C0454AC0231}.Debug|iPhone.ActiveCfg = Debug|Any CPU
		{06D0C21D-B37C-4188-B6B1-3C0454AC0231}.Debug|iPhone.Build.0 = Debug|Any CPU
		{06D0C21D-B37C-4188-B6B1-3C0454AC0231}.Release|iPhone.ActiveCfg = Release|Any CPU
		{06D0C21D-B37C-4188-B6B1-3C0454AC0231}.Release|iPhone.Build.0 = Release|Any CPU
	EndGlobalSection
	GlobalSection(NestedProjects) = preSolution
		{F3E1CA49-23D5-4CB1-A234-577C6AEF4B99} = {70403363-448A-4793-83EC-944BD19794F1}
		{75DEE6AD-CCD9-4DD2-A158-F8F87C0DF01C} = {70403363-448A-4793-83EC-944BD19794F1}
		{F9FEAA98-7B55-40DA-8422-1C1A1A49F352} = {70403363-448A-4793-83EC-944BD19794F1}
		{608550C6-2063-4CB8-8253-7529C0E94BB9} = {A4B6C2B0-98D9-488A-97EF-D197E54A1743}
		{06D0C21D-B37C-4188-B6B1-3C0454AC0231} = {B1F065EC-899E-425C-8AA0-10F76DD6F95F}
	EndGlobalSection
EndGlobal
